
Microsoft Visual Studio Solution File, Format Version 12.00
# Visual Studio Version 17
VisualStudioVersion = 17.7.34202.233
MinimumVisualStudioVersion = 10.0.40219.1
Project("{FAE04EC0-301F-11D3-BF4B-00C04F79EFBC}") = "ScreenCaptureTool", "ScreenCaptureTool\ScreenCaptureTool.csproj", "{17609F6E-8F55-4277-8CA9-380F3A404319}"
EndProject
Global
	GlobalSection(SolutionConfigurationPlatforms) = preSolution
		Debug|Any CPU = Debug|Any CPU
		Release|Any CPU = Release|Any CPU
	EndGlobalSection
	GlobalSection(ProjectConfigurationPlatforms) = postSolution
		{17609F6E-8F55-4277-8CA9-380F3A404319}.Debug|Any CPU.ActiveCfg = Debug|Any CPU
		{17609F6E-8F55-4277-8CA9-380F3A404319}.Debug|Any CPU.Build.0 = Debug|Any CPU
		{17609F6E-8F55-4277-8CA9-380F3A404319}.Release|Any CPU.ActiveCfg = Release|Any CPU
		{17609F6E-8F55-4277-8CA9-380F3A404319}.Release|Any CPU.Build.0 = Release|Any CPU
	EndGlobalSection
	GlobalSection(SolutionProperties) = preSolution
		HideSolutionNode = FALSE
	EndGlobalSection
	GlobalSection(ExtensibilityGlobals) = postSolution
		SolutionGuid = {6985379D-5DAA-47F4-99B9-D7C040C36338}
	EndGlobalSection
EndGlobal
